
Microsoft Visual Studio Solution File, Format Version 12.00
# Visual Studio Version 16
VisualStudioVersion = 16.0.30114.105
MinimumVisualStudioVersion = 10.0.40219.1
Project("{FAE04EC0-301F-11D3-BF4B-00C04F79EFBC}") = "API", "API\API.csproj", "{D3B5F908-2503-48C0-A7AA-1C5446820C29}"
EndProject
Project("{FAE04EC0-301F-11D3-BF4B-00C04F79EFBC}") = "Core", "Core\Core.csproj", "{936FC9FF-5E2F-43BE-9B7D-14AA4485E539}"
EndProject
Project("{FAE04EC0-301F-11D3-BF4B-00C04F79EFBC}") = "Infrastructure", "Infrastructure\Infrastructure.csproj", "{6B663B27-DDD6-4B10-A38A-9668F069B529}"
EndProject
Global
	GlobalSection(SolutionConfigurationPlatforms) = preSolution
		Debug|Any CPU = Debug|Any CPU
		Debug|x64 = Debug|x64
		Debug|x86 = Debug|x86
		Release|Any CPU = Release|Any CPU
		Release|x64 = Release|x64
		Release|x86 = Release|x86
	EndGlobalSection
	GlobalSection(SolutionProperties) = preSolution
		HideSolutionNode = FALSE
	EndGlobalSection
	GlobalSection(ProjectConfigurationPlatforms) = postSolution
		{D3B5F908-2503-48C0-A7AA-1C5446820C29}.Debug|Any CPU.ActiveCfg = Debug|Any CPU
		{D3B5F908-2503-48C0-A7AA-1C5446820C29}.Debug|Any CPU.Build.0 = Debug|Any CPU
		{D3B5F908-2503-48C0-A7AA-1C5446820C29}.Debug|x64.ActiveCfg = Debug|Any CPU
		{D3B5F908-2503-48C0-A7AA-1C5446820C29}.Debug|x64.Build.0 = Debug|Any CPU
		{D3B5F908-2503-48C0-A7AA-1C5446820C29}.Debug|x86.ActiveCfg = Debug|Any CPU
		{D3B5F908-2503-48C0-A7AA-1C5446820C29}.Debug|x86.Build.0 = Debug|Any CPU
		{D3B5F908-2503-48C0-A7AA-1C5446820C29}.Release|Any CPU.ActiveCfg = Release|Any CPU
		{D3B5F908-2503-48C0-A7AA-1C5446820C29}.Release|Any CPU.Build.0 = Release|Any CPU
		{D3B5F908-2503-48C0-A7AA-1C5446820C29}.Release|x64.ActiveCfg = Release|Any CPU
		{D3B5F908-2503-48C0-A7AA-1C5446820C29}.Release|x64.Build.0 = Release|Any CPU
		{D3B5F908-2503-48C0-A7AA-1C5446820C29}.Release|x86.ActiveCfg = Release|Any CPU
		{D3B5F908-2503-48C0-A7AA-1C5446820C29}.Release|x86.Build.0 = Release|Any CPU
		{936FC9FF-5E2F-43BE-9B7D-14AA4485E539}.Debug|Any CPU.ActiveCfg = Debug|Any CPU
		{936FC9FF-5E2F-43BE-9B7D-14AA4485E539}.Debug|Any CPU.Build.0 = Debug|Any CPU
		{936FC9FF-5E2F-43BE-9B7D-14AA4485E539}.Debug|x64.ActiveCfg = Debug|Any CPU
		{936FC9FF-5E2F-43BE-9B7D-14AA4485E539}.Debug|x64.Build.0 = Debug|Any CPU
		{936FC9FF-5E2F-43BE-9B7D-14AA4485E539}.Debug|x86.ActiveCfg = Debug|Any CPU
		{936FC9FF-5E2F-43BE-9B7D-14AA4485E539}.Debug|x86.Build.0 = Debug|Any CPU
		{936FC9FF-5E2F-43BE-9B7D-14AA4485E539}.Release|Any CPU.ActiveCfg = Release|Any CPU
		{936FC9FF-5E2F-43BE-9B7D-14AA4485E539}.Release|Any CPU.Build.0 = Release|Any CPU
		{936FC9FF-5E2F-43BE-9B7D-14AA4485E539}.Release|x64.ActiveCfg = Release|Any CPU
		{936FC9FF-5E2F-43BE-9B7D-14AA4485E539}.Release|x64.Build.0 = Release|Any CPU
		{936FC9FF-5E2F-43BE-9B7D-14AA4485E539}.Release|x86.ActiveCfg = Release|Any CPU
		{936FC9FF-5E2F-43BE-9B7D-14AA4485E539}.Release|x86.Build.0 = Release|Any CPU
		{6B663B27-DDD6-4B10-A38A-9668F069B529}.Debug|Any CPU.ActiveCfg = Debug|Any CPU
		{6B663B27-DDD6-4B10-A38A-9668F069B529}.Debug|Any CPU.Build.0 = Debug|Any CPU
		{6B663B27-DDD6-4B10-A38A-9668F069B529}.Debug|x64.ActiveCfg = Debug|Any CPU
		{6B663B27-DDD6-4B10-A38A-9668F069B529}.Debug|x64.Build.0 = Debug|Any CPU
		{6B663B27-DDD6-4B10-A38A-9668F069B529}.Debug|x86.ActiveCfg = Debug|Any CPU
		{6B663B27-DDD6-4B10-A38A-9668F069B529}.Debug|x86.Build.0 = Debug|Any CPU
		{6B663B27-DDD6-4B10-A38A-9668F069B529}.Release|Any CPU.ActiveCfg = Release|Any CPU
		{6B663B27-DDD6-4B10-A38A-9668F069B529}.Release|Any CPU.Build.0 = Release|Any CPU
		{6B663B27-DDD6-4B10-A38A-9668F069B529}.Release|x64.ActiveCfg = Release|Any CPU
		{6B663B27-DDD6-4B10-A38A-9668F069B529}.Release|x64.Build.0 = Release|Any CPU
		{6B663B27-DDD6-4B10-A38A-9668F069B529}.Release|x86.ActiveCfg = Release|Any CPU
		{6B663B27-DDD6-4B10-A38A-9668F069B529}.Release|x86.Build.0 = Release|Any CPU
	EndGlobalSection
EndGlobal
